
Microsoft Visual Studio Solution File, Format Version 12.00
# Visual Studio Version 17
VisualStudioVersion = 17.5.33530.505
MinimumVisualStudioVersion = 10.0.40219.1
Project("{FAE04EC0-301F-11D3-BF4B-00C04F79EFBC}") = "AljabarLibraries", "tpmod10_1302213002\AljabarLibraries.csproj", "{ECD46223-0F78-4A8A-A86F-3634119531A5}"
EndProject
Global
	GlobalSection(SolutionConfigurationPlatforms) = preSolution
		Debug|Any CPU = Debug|Any CPU
		Release|Any CPU = Release|Any CPU
	EndGlobalSection
	GlobalSection(ProjectConfigurationPlatforms) = postSolution
		{ECD46223-0F78-4A8A-A86F-3634119531A5}.Debug|Any CPU.ActiveCfg = Debug|Any CPU
		{ECD46223-0F78-4A8A-A86F-3634119531A5}.Debug|Any CPU.Build.0 = Debug|Any CPU
		{ECD46223-0F78-4A8A-A86F-3634119531A5}.Release|Any CPU.ActiveCfg = Release|Any CPU
		{ECD46223-0F78-4A8A-A86F-3634119531A5}.Release|Any CPU.Build.0 = Release|Any CPU
	EndGlobalSection
	GlobalSection(SolutionProperties) = preSolution
		HideSolutionNode = FALSE
	EndGlobalSection
	GlobalSection(ExtensibilityGlobals) = postSolution
		SolutionGuid = {ED2CB69E-9539-404C-96C7-84DC8ADD241E}
	EndGlobalSection
EndGlobal
